
Microsoft Visual Studio Solution File, Format Version 11.00
# Visual Studio 2010
Project("{FAE04EC0-301F-11D3-BF4B-00C04F79EFBC}") = "Honey", "Honey\Honey.csproj", "{BF4414F2-1539-472D-BB9C-A23D349ABFC8}"
EndProject
Project("{FAE04EC0-301F-11D3-BF4B-00C04F79EFBC}") = "LINQtoCSV", "LINQtoCSV\LINQtoCSV.csproj", "{07058BF9-6F86-40FF-AE33-2A4F89B5758A}"
EndProject
Project("{FAE04EC0-301F-11D3-BF4B-00C04F79EFBC}") = "DAL", "DAL\DAL.csproj", "{73ED302D-E6C5-4C3C-8B9F-484DF917A56E}"
EndProject
Project("{FAE04EC0-301F-11D3-BF4B-00C04F79EFBC}") = "Common", "Common\Common.csproj", "{F0D13A94-129E-46C4-9D51-C42198802106}"
EndProject
Project("{FAE04EC0-301F-11D3-BF4B-00C04F79EFBC}") = "Test", "Test\Test.csproj", "{DBC80C92-149B-4862-AC97-CFDB26474EFB}"
EndProject
Global
	GlobalSection(SolutionConfigurationPlatforms) = preSolution
		Debug|Any CPU = Debug|Any CPU
		Release|Any CPU = Release|Any CPU
	EndGlobalSection
	GlobalSection(ProjectConfigurationPlatforms) = postSolution
		{BF4414F2-1539-472D-BB9C-A23D349ABFC8}.Debug|Any CPU.ActiveCfg = Debug|Any CPU
		{BF4414F2-1539-472D-BB9C-A23D349ABFC8}.Debug|Any CPU.Build.0 = Debug|Any CPU
		{BF4414F2-1539-472D-BB9C-A23D349ABFC8}.Release|Any CPU.ActiveCfg = Release|Any CPU
		{BF4414F2-1539-472D-BB9C-A23D349ABFC8}.Release|Any CPU.Build.0 = Release|Any CPU
		{07058BF9-6F86-40FF-AE33-2A4F89B5758A}.Debug|Any CPU.ActiveCfg = Debug|Any CPU
		{07058BF9-6F86-40FF-AE33-2A4F89B5758A}.Debug|Any CPU.Build.0 = Debug|Any CPU
		{07058BF9-6F86-40FF-AE33-2A4F89B5758A}.Release|Any CPU.ActiveCfg = Release|Any CPU
		{07058BF9-6F86-40FF-AE33-2A4F89B5758A}.Release|Any CPU.Build.0 = Release|Any CPU
		{73ED302D-E6C5-4C3C-8B9F-484DF917A56E}.Debug|Any CPU.ActiveCfg = Debug|Any CPU
		{73ED302D-E6C5-4C3C-8B9F-484DF917A56E}.Debug|Any CPU.Build.0 = Debug|Any CPU
		{73ED302D-E6C5-4C3C-8B9F-484DF917A56E}.Release|Any CPU.ActiveCfg = Release|Any CPU
		{73ED302D-E6C5-4C3C-8B9F-484DF917A56E}.Release|Any CPU.Build.0 = Release|Any CPU
		{F0D13A94-129E-46C4-9D51-C42198802106}.Debug|Any CPU.ActiveCfg = Debug|Any CPU
		{F0D13A94-129E-46C4-9D51-C42198802106}.Debug|Any CPU.Build.0 = Debug|Any CPU
		{F0D13A94-129E-46C4-9D51-C42198802106}.Release|Any CPU.ActiveCfg = Release|Any CPU
		{F0D13A94-129E-46C4-9D51-C42198802106}.Release|Any CPU.Build.0 = Release|Any CPU
		{DBC80C92-149B-4862-AC97-CFDB26474EFB}.Debug|Any CPU.ActiveCfg = Debug|Any CPU
		{DBC80C92-149B-4862-AC97-CFDB26474EFB}.Debug|Any CPU.Build.0 = Debug|Any CPU
		{DBC80C92-149B-4862-AC97-CFDB26474EFB}.Release|Any CPU.ActiveCfg = Release|Any CPU
		{DBC80C92-149B-4862-AC97-CFDB26474EFB}.Release|Any CPU.Build.0 = Release|Any CPU
	EndGlobalSection
	GlobalSection(SolutionProperties) = preSolution
		HideSolutionNode = FALSE
	EndGlobalSection
EndGlobal
